// !$*UTF8*$!
{
	archiveVersion = 1;
	classes = {
	};
	objectVersion = 56;
	objects = {

/* Begin PBXBuildFile section */
		AE88BAE22C89E8000076208C /* actividadesUsuario.swift in Sources */ = {isa = PBXBuildFile; fileRef = AE88BAE12C89E8000076208C /* actividadesUsuario.swift */; };
		AE88BAE42C89EC2A0076208C /* rodadasView.swift in Sources */ = {isa = PBXBuildFile; fileRef = AE88BAE32C89EC2A0076208C /* rodadasView.swift */; };
		AE88BAE62C89EC940076208C /* eventosView.swift in Sources */ = {isa = PBXBuildFile; fileRef = AE88BAE52C89EC940076208C /* eventosView.swift */; };
		AE88BAE82C89ECA50076208C /* talleresView.swift in Sources */ = {isa = PBXBuildFile; fileRef = AE88BAE72C89ECA50076208C /* talleresView.swift */; };
		AE88BAEA2C89EE7C0076208C /* activityCardView.swift in Sources */ = {isa = PBXBuildFile; fileRef = AE88BAE92C89EE7C0076208C /* activityCardView.swift */; };
		AE88BAEC2C8A068F0076208C /* actividadesAdmin.swift in Sources */ = {isa = PBXBuildFile; fileRef = AE88BAEB2C8A068F0076208C /* actividadesAdmin.swift */; };
		AE88BAEE2C8A06C40076208C /* activityCardAdminView.swift in Sources */ = {isa = PBXBuildFile; fileRef = AE88BAED2C8A06C40076208C /* activityCardAdminView.swift */; };
		AEB91D032C877B810012591B /* templateApp.swift in Sources */ = {isa = PBXBuildFile; fileRef = AEB91D022C877B810012591B /* templateApp.swift */; };
		AEB91D052C877B810012591B /* ContentView.swift in Sources */ = {isa = PBXBuildFile; fileRef = AEB91D042C877B810012591B /* ContentView.swift */; };
		AEB91D072C877B810012591B /* Item.swift in Sources */ = {isa = PBXBuildFile; fileRef = AEB91D062C877B810012591B /* Item.swift */; };
		AEB91D092C877B830012591B /* Assets.xcassets in Resources */ = {isa = PBXBuildFile; fileRef = AEB91D082C877B830012591B /* Assets.xcassets */; };
		AEB91D0C2C877B830012591B /* Preview Assets.xcassets in Resources */ = {isa = PBXBuildFile; fileRef = AEB91D0B2C877B830012591B /* Preview Assets.xcassets */; };
		AEB91D162C877B830012591B /* templateTests.swift in Sources */ = {isa = PBXBuildFile; fileRef = AEB91D152C877B830012591B /* templateTests.swift */; };
		AEB91D202C877B830012591B /* templateUITests.swift in Sources */ = {isa = PBXBuildFile; fileRef = AEB91D1F2C877B830012591B /* templateUITests.swift */; };
		AEB91D222C877B830012591B /* templateUITestsLaunchTests.swift in Sources */ = {isa = PBXBuildFile; fileRef = AEB91D212C877B830012591B /* templateUITestsLaunchTests.swift */; };
		AED11FB02C89106300A7CACF /* consultarAnuncio.swift in Sources */ = {isa = PBXBuildFile; fileRef = AED11FAF2C89106300A7CACF /* consultarAnuncio.swift */; };
/* End PBXBuildFile section */

/* Begin PBXContainerItemProxy section */
		AEB91D122C877B830012591B /* PBXContainerItemProxy */ = {
			isa = PBXContainerItemProxy;
			containerPortal = AEB91CF72C877B810012591B /* Project object */;
			proxyType = 1;
			remoteGlobalIDString = AEB91CFE2C877B810012591B;
			remoteInfo = template;
		};
		AEB91D1C2C877B830012591B /* PBXContainerItemProxy */ = {
			isa = PBXContainerItemProxy;
			containerPortal = AEB91CF72C877B810012591B /* Project object */;
			proxyType = 1;
			remoteGlobalIDString = AEB91CFE2C877B810012591B;
			remoteInfo = template;
		};
/* End PBXContainerItemProxy section */

/* Begin PBXFileReference section */
		AE88BAE12C89E8000076208C /* actividadesUsuario.swift */ = {isa = PBXFileReference; lastKnownFileType = sourcecode.swift; path = actividadesUsuario.swift; sourceTree = "<group>"; };
		AE88BAE32C89EC2A0076208C /* rodadasView.swift */ = {isa = PBXFileReference; lastKnownFileType = sourcecode.swift; path = rodadasView.swift; sourceTree = "<group>"; };
		AE88BAE52C89EC940076208C /* eventosView.swift */ = {isa = PBXFileReference; lastKnownFileType = sourcecode.swift; path = eventosView.swift; sourceTree = "<group>"; };
		AE88BAE72C89ECA50076208C /* talleresView.swift */ = {isa = PBXFileReference; lastKnownFileType = sourcecode.swift; path = talleresView.swift; sourceTree = "<group>"; };
		AE88BAE92C89EE7C0076208C /* activityCardView.swift */ = {isa = PBXFileReference; lastKnownFileType = sourcecode.swift; path = activityCardView.swift; sourceTree = "<group>"; };
		AE88BAEB2C8A068F0076208C /* actividadesAdmin.swift */ = {isa = PBXFileReference; lastKnownFileType = sourcecode.swift; path = actividadesAdmin.swift; sourceTree = "<group>"; };
		AE88BAED2C8A06C40076208C /* activityCardAdminView.swift */ = {isa = PBXFileReference; lastKnownFileType = sourcecode.swift; path = activityCardAdminView.swift; sourceTree = "<group>"; };
		AEB91CFF2C877B810012591B /* template.app */ = {isa = PBXFileReference; explicitFileType = wrapper.application; includeInIndex = 0; path = template.app; sourceTree = BUILT_PRODUCTS_DIR; };
		AEB91D022C877B810012591B /* templateApp.swift */ = {isa = PBXFileReference; lastKnownFileType = sourcecode.swift; path = templateApp.swift; sourceTree = "<group>"; };
		AEB91D042C877B810012591B /* ContentView.swift */ = {isa = PBXFileReference; lastKnownFileType = sourcecode.swift; path = ContentView.swift; sourceTree = "<group>"; };
		AEB91D062C877B810012591B /* Item.swift */ = {isa = PBXFileReference; lastKnownFileType = sourcecode.swift; path = Item.swift; sourceTree = "<group>"; };
		AEB91D082C877B830012591B /* Assets.xcassets */ = {isa = PBXFileReference; lastKnownFileType = folder.assetcatalog; path = Assets.xcassets; sourceTree = "<group>"; };
		AEB91D0B2C877B830012591B /* Preview Assets.xcassets */ = {isa = PBXFileReference; lastKnownFileType = folder.assetcatalog; path = "Preview Assets.xcassets"; sourceTree = "<group>"; };
		AEB91D112C877B830012591B /* templateTests.xctest */ = {isa = PBXFileReference; explicitFileType = wrapper.cfbundle; includeInIndex = 0; path = templateTests.xctest; sourceTree = BUILT_PRODUCTS_DIR; };
		AEB91D152C877B830012591B /* templateTests.swift */ = {isa = PBXFileReference; lastKnownFileType = sourcecode.swift; path = templateTests.swift; sourceTree = "<group>"; };
		AEB91D1B2C877B830012591B /* templateUITests.xctest */ = {isa = PBXFileReference; explicitFileType = wrapper.cfbundle; includeInIndex = 0; path = templateUITests.xctest; sourceTree = BUILT_PRODUCTS_DIR; };
		AEB91D1F2C877B830012591B /* templateUITests.swift */ = {isa = PBXFileReference; lastKnownFileType = sourcecode.swift; path = templateUITests.swift; sourceTree = "<group>"; };
		AEB91D212C877B830012591B /* templateUITestsLaunchTests.swift */ = {isa = PBXFileReference; lastKnownFileType = sourcecode.swift; path = templateUITestsLaunchTests.swift; sourceTree = "<group>"; };
		AED11FAF2C89106300A7CACF /* consultarAnuncio.swift */ = {isa = PBXFileReference; lastKnownFileType = sourcecode.swift; path = consultarAnuncio.swift; sourceTree = "<group>"; };
/* End PBXFileReference section */

/* Begin PBXFrameworksBuildPhase section */
		AEB91CFC2C877B810012591B /* Frameworks */ = {
			isa = PBXFrameworksBuildPhase;
			buildActionMask = 2147483647;
			files = (
			);
			runOnlyForDeploymentPostprocessing = 0;
		};
		AEB91D0E2C877B830012591B /* Frameworks */ = {
			isa = PBXFrameworksBuildPhase;
			buildActionMask = 2147483647;
			files = (
			);
			runOnlyForDeploymentPostprocessing = 0;
		};
		AEB91D182C877B830012591B /* Frameworks */ = {
			isa = PBXFrameworksBuildPhase;
			buildActionMask = 2147483647;
			files = (
			);
			runOnlyForDeploymentPostprocessing = 0;
		};
/* End PBXFrameworksBuildPhase section */

/* Begin PBXGroup section */
		AEB91CF62C877B810012591B = {
			isa = PBXGroup;
			children = (
				AEB91D012C877B810012591B /* template */,
				AEB91D142C877B830012591B /* templateTests */,
				AEB91D1E2C877B830012591B /* templateUITests */,
				AEB91D002C877B810012591B /* Products */,
			);
			sourceTree = "<group>";
		};
		AEB91D002C877B810012591B /* Products */ = {
			isa = PBXGroup;
			children = (
				AEB91CFF2C877B810012591B /* template.app */,
				AEB91D112C877B830012591B /* templateTests.xctest */,
				AEB91D1B2C877B830012591B /* templateUITests.xctest */,
			);
			name = Products;
			sourceTree = "<group>";
		};
		AEB91D012C877B810012591B /* template */ = {
			isa = PBXGroup;
			children = (
				AEB91D022C877B810012591B /* templateApp.swift */,
				AEB91D042C877B810012591B /* ContentView.swift */,
				AEB91D062C877B810012591B /* Item.swift */,
				AEB91D082C877B830012591B /* Assets.xcassets */,
				AEB91D0A2C877B830012591B /* Preview Content */,
				AED11FAF2C89106300A7CACF /* consultarAnuncio.swift */,
				AE88BAE12C89E8000076208C /* actividadesUsuario.swift */,
				AE88BAED2C8A06C40076208C /* activityCardAdminView.swift */,
				AE88BAE32C89EC2A0076208C /* rodadasView.swift */,
				AE88BAE92C89EE7C0076208C /* activityCardView.swift */,
				AE88BAE52C89EC940076208C /* eventosView.swift */,
				AE88BAE72C89ECA50076208C /* talleresView.swift */,
				AE88BAEB2C8A068F0076208C /* actividadesAdmin.swift */,
			);
			path = template;
			sourceTree = "<group>";
		};
		AEB91D0A2C877B830012591B /* Preview Content */ = {
			isa = PBXGroup;
			children = (
				AEB91D0B2C877B830012591B /* Preview Assets.xcassets */,
			);
			path = "Preview Content";
			sourceTree = "<group>";
		};
		AEB91D142C877B830012591B /* templateTests */ = {
			isa = PBXGroup;
			children = (
				AEB91D152C877B830012591B /* templateTests.swift */,
			);
			path = templateTests;
			sourceTree = "<group>";
		};
		AEB91D1E2C877B830012591B /* templateUITests */ = {
			isa = PBXGroup;
			children = (
				AEB91D1F2C877B830012591B /* templateUITests.swift */,
				AEB91D212C877B830012591B /* templateUITestsLaunchTests.swift */,
			);
			path = templateUITests;
			sourceTree = "<group>";
		};
/* End PBXGroup section */

/* Begin PBXNativeTarget section */
		AEB91CFE2C877B810012591B /* template */ = {
			isa = PBXNativeTarget;
			buildConfigurationList = AEB91D252C877B830012591B /* Build configuration list for PBXNativeTarget "template" */;
			buildPhases = (
				AEB91CFB2C877B810012591B /* Sources */,
				AEB91CFC2C877B810012591B /* Frameworks */,
				AEB91CFD2C877B810012591B /* Resources */,
			);
			buildRules = (
			);
			dependencies = (
			);
			name = template;
			productName = template;
			productReference = AEB91CFF2C877B810012591B /* template.app */;
			productType = "com.apple.product-type.application";
		};
		AEB91D102C877B830012591B /* templateTests */ = {
			isa = PBXNativeTarget;
			buildConfigurationList = AEB91D282C877B830012591B /* Build configuration list for PBXNativeTarget "templateTests" */;
			buildPhases = (
				AEB91D0D2C877B830012591B /* Sources */,
				AEB91D0E2C877B830012591B /* Frameworks */,
				AEB91D0F2C877B830012591B /* Resources */,
			);
			buildRules = (
			);
			dependencies = (
				AEB91D132C877B830012591B /* PBXTargetDependency */,
			);
			name = templateTests;
			productName = templateTests;
			productReference = AEB91D112C877B830012591B /* templateTests.xctest */;
			productType = "com.apple.product-type.bundle.unit-test";
		};
		AEB91D1A2C877B830012591B /* templateUITests */ = {
			isa = PBXNativeTarget;
			buildConfigurationList = AEB91D2B2C877B830012591B /* Build configuration list for PBXNativeTarget "templateUITests" */;
			buildPhases = (
				AEB91D172C877B830012591B /* Sources */,
				AEB91D182C877B830012591B /* Frameworks */,
				AEB91D192C877B830012591B /* Resources */,
			);
			buildRules = (
			);
			dependencies = (
				AEB91D1D2C877B830012591B /* PBXTargetDependency */,
			);
			name = templateUITests;
			productName = templateUITests;
			productReference = AEB91D1B2C877B830012591B /* templateUITests.xctest */;
			productType = "com.apple.product-type.bundle.ui-testing";
		};
/* End PBXNativeTarget section */

/* Begin PBXProject section */
		AEB91CF72C877B810012591B /* Project object */ = {
			isa = PBXProject;
			attributes = {
				BuildIndependentTargetsInParallel = 1;
				LastSwiftUpdateCheck = 1540;
				LastUpgradeCheck = 1540;
				TargetAttributes = {
					AEB91CFE2C877B810012591B = {
						CreatedOnToolsVersion = 15.4;
					};
					AEB91D102C877B830012591B = {
						CreatedOnToolsVersion = 15.4;
						TestTargetID = AEB91CFE2C877B810012591B;
					};
					AEB91D1A2C877B830012591B = {
						CreatedOnToolsVersion = 15.4;
						TestTargetID = AEB91CFE2C877B810012591B;
					};
				};
			};
			buildConfigurationList = AEB91CFA2C877B810012591B /* Build configuration list for PBXProject "template" */;
			compatibilityVersion = "Xcode 14.0";
			developmentRegion = en;
			hasScannedForEncodings = 0;
			knownRegions = (
				en,
				Base,
			);
			mainGroup = AEB91CF62C877B810012591B;
			productRefGroup = AEB91D002C877B810012591B /* Products */;
			projectDirPath = "";
			projectRoot = "";
			targets = (
				AEB91CFE2C877B810012591B /* template */,
				AEB91D102C877B830012591B /* templateTests */,
				AEB91D1A2C877B830012591B /* templateUITests */,
			);
		};
/* End PBXProject section */

/* Begin PBXResourcesBuildPhase section */
		AEB91CFD2C877B810012591B /* Resources */ = {
			isa = PBXResourcesBuildPhase;
			buildActionMask = 2147483647;
			files = (
				AEB91D0C2C877B830012591B /* Preview Assets.xcassets in Resources */,
				AEB91D092C877B830012591B /* Assets.xcassets in Resources */,
			);
			runOnlyForDeploymentPostprocessing = 0;
		};
		AEB91D0F2C877B830012591B /* Resources */ = {
			isa = PBXResourcesBuildPhase;
			buildActionMask = 2147483647;
			files = (
			);
			runOnlyForDeploymentPostprocessing = 0;
		};
		AEB91D192C877B830012591B /* Resources */ = {
			isa = PBXResourcesBuildPhase;
			buildActionMask = 2147483647;
			files = (
			);
			runOnlyForDeploymentPostprocessing = 0;
		};
/* End PBXResourcesBuildPhase section */

/* Begin PBXSourcesBuildPhase section */
		AEB91CFB2C877B810012591B /* Sources */ = {
			isa = PBXSourcesBuildPhase;
			buildActionMask = 2147483647;
			files = (
				AE88BAE22C89E8000076208C /* actividadesUsuario.swift in Sources */,
				AE88BAEA2C89EE7C0076208C /* activityCardView.swift in Sources */,
				AE88BAE62C89EC940076208C /* eventosView.swift in Sources */,
				AE88BAEE2C8A06C40076208C /* activityCardAdminView.swift in Sources */,
				AEB91D052C877B810012591B /* ContentView.swift in Sources */,
				AED11FB02C89106300A7CACF /* consultarAnuncio.swift in Sources */,
				AE88BAE82C89ECA50076208C /* talleresView.swift in Sources */,
				AEB91D072C877B810012591B /* Item.swift in Sources */,
				AEB91D032C877B810012591B /* templateApp.swift in Sources */,
				AE88BAE42C89EC2A0076208C /* rodadasView.swift in Sources */,
				AE88BAEC2C8A068F0076208C /* actividadesAdmin.swift in Sources */,
			);
			runOnlyForDeploymentPostprocessing = 0;
		};
		AEB91D0D2C877B830012591B /* Sources */ = {
			isa = PBXSourcesBuildPhase;
			buildActionMask = 2147483647;
			files = (
				AEB91D162C877B830012591B /* templateTests.swift in Sources */,
			);
			runOnlyForDeploymentPostprocessing = 0;
		};
		AEB91D172C877B830012591B /* Sources */ = {
			isa = PBXSourcesBuildPhase;
			buildActionMask = 2147483647;
			files = (
				AEB91D222C877B830012591B /* templateUITestsLaunchTests.swift in Sources */,
				AEB91D202C877B830012591B /* templateUITests.swift in Sources */,
			);
			runOnlyForDeploymentPostprocessing = 0;
		};
/* End PBXSourcesBuildPhase section */

/* Begin PBXTargetDependency section */
		AEB91D132C877B830012591B /* PBXTargetDependency */ = {
			isa = PBXTargetDependency;
			target = AEB91CFE2C877B810012591B /* template */;
			targetProxy = AEB91D122C877B830012591B /* PBXContainerItemProxy */;
		};
		AEB91D1D2C877B830012591B /* PBXTargetDependency */ = {
			isa = PBXTargetDependency;
			target = AEB91CFE2C877B810012591B /* template */;
			targetProxy = AEB91D1C2C877B830012591B /* PBXContainerItemProxy */;
		};
/* End PBXTargetDependency section */

/* Begin XCBuildConfiguration section */
		AEB91D232C877B830012591B /* Debug */ = {
			isa = XCBuildConfiguration;
			buildSettings = {
				ALWAYS_SEARCH_USER_PATHS = NO;
				ASSETCATALOG_COMPILER_GENERATE_SWIFT_ASSET_SYMBOL_EXTENSIONS = YES;
				CLANG_ANALYZER_NONNULL = YES;
				CLANG_ANALYZER_NUMBER_OBJECT_CONVERSION = YES_AGGRESSIVE;
				CLANG_CXX_LANGUAGE_STANDARD = "gnu++20";
				CLANG_ENABLE_MODULES = YES;
				CLANG_ENABLE_OBJC_ARC = YES;
				CLANG_ENABLE_OBJC_WEAK = YES;
				CLANG_WARN_BLOCK_CAPTURE_AUTORELEASING = YES;
				CLANG_WARN_BOOL_CONVERSION = YES;
				CLANG_WARN_COMMA = YES;
				CLANG_WARN_CONSTANT_CONVERSION = YES;
				CLANG_WARN_DEPRECATED_OBJC_IMPLEMENTATIONS = YES;
				CLANG_WARN_DIRECT_OBJC_ISA_USAGE = YES_ERROR;
				CLANG_WARN_DOCUMENTATION_COMMENTS = YES;
				CLANG_WARN_EMPTY_BODY = YES;
				CLANG_WARN_ENUM_CONVERSION = YES;
				CLANG_WARN_INFINITE_RECURSION = YES;
				CLANG_WARN_INT_CONVERSION = YES;
				CLANG_WARN_NON_LITERAL_NULL_CONVERSION = YES;
				CLANG_WARN_OBJC_IMPLICIT_RETAIN_SELF = YES;
				CLANG_WARN_OBJC_LITERAL_CONVERSION = YES;
				CLANG_WARN_OBJC_ROOT_CLASS = YES_ERROR;
				CLANG_WARN_QUOTED_INCLUDE_IN_FRAMEWORK_HEADER = YES;
				CLANG_WARN_RANGE_LOOP_ANALYSIS = YES;
				CLANG_WARN_STRICT_PROTOTYPES = YES;
				CLANG_WARN_SUSPICIOUS_MOVE = YES;
				CLANG_WARN_UNGUARDED_AVAILABILITY = YES_AGGRESSIVE;
				CLANG_WARN_UNREACHABLE_CODE = YES;
				CLANG_WARN__DUPLICATE_METHOD_MATCH = YES;
				COPY_PHASE_STRIP = NO;
				DEBUG_INFORMATION_FORMAT = dwarf;
				ENABLE_STRICT_OBJC_MSGSEND = YES;
				ENABLE_TESTABILITY = YES;
				ENABLE_USER_SCRIPT_SANDBOXING = YES;
				GCC_C_LANGUAGE_STANDARD = gnu17;
				GCC_DYNAMIC_NO_PIC = NO;
				GCC_NO_COMMON_BLOCKS = YES;
				GCC_OPTIMIZATION_LEVEL = 0;
				GCC_PREPROCESSOR_DEFINITIONS = (
					"DEBUG=1",
					"$(inherited)",
				);
				GCC_WARN_64_TO_32_BIT_CONVERSION = YES;
				GCC_WARN_ABOUT_RETURN_TYPE = YES_ERROR;
				GCC_WARN_UNDECLARED_SELECTOR = YES;
				GCC_WARN_UNINITIALIZED_AUTOS = YES_AGGRESSIVE;
				GCC_WARN_UNUSED_FUNCTION = YES;
				GCC_WARN_UNUSED_VARIABLE = YES;
				IPHONEOS_DEPLOYMENT_TARGET = 17.5;
				LOCALIZATION_PREFERS_STRING_CATALOGS = YES;
				MTL_ENABLE_DEBUG_INFO = INCLUDE_SOURCE;
				MTL_FAST_MATH = YES;
				ONLY_ACTIVE_ARCH = YES;
				SDKROOT = iphoneos;
				SWIFT_ACTIVE_COMPILATION_CONDITIONS = "DEBUG $(inherited)";
				SWIFT_OPTIMIZATION_LEVEL = "-Onone";
			};
			name = Debug;
		};
		AEB91D242C877B830012591B /* Release */ = {
			isa = XCBuildConfiguration;
			buildSettings = {
				ALWAYS_SEARCH_USER_PATHS = NO;
				ASSETCATALOG_COMPILER_GENERATE_SWIFT_ASSET_SYMBOL_EXTENSIONS = YES;
				CLANG_ANALYZER_NONNULL = YES;
				CLANG_ANALYZER_NUMBER_OBJECT_CONVERSION = YES_AGGRESSIVE;
				CLANG_CXX_LANGUAGE_STANDARD = "gnu++20";
				CLANG_ENABLE_MODULES = YES;
				CLANG_ENABLE_OBJC_ARC = YES;
				CLANG_ENABLE_OBJC_WEAK = YES;
				CLANG_WARN_BLOCK_CAPTURE_AUTORELEASING = YES;
				CLANG_WARN_BOOL_CONVERSION = YES;
				CLANG_WARN_COMMA = YES;
				CLANG_WARN_CONSTANT_CONVERSION = YES;
				CLANG_WARN_DEPRECATED_OBJC_IMPLEMENTATIONS = YES;
				CLANG_WARN_DIRECT_OBJC_ISA_USAGE = YES_ERROR;
				CLANG_WARN_DOCUMENTATION_COMMENTS = YES;
				CLANG_WARN_EMPTY_BODY = YES;
				CLANG_WARN_ENUM_CONVERSION = YES;
				CLANG_WARN_INFINITE_RECURSION = YES;
				CLANG_WARN_INT_CONVERSION = YES;
				CLANG_WARN_NON_LITERAL_NULL_CONVERSION = YES;
				CLANG_WARN_OBJC_IMPLICIT_RETAIN_SELF = YES;
				CLANG_WARN_OBJC_LITERAL_CONVERSION = YES;
				CLANG_WARN_OBJC_ROOT_CLASS = YES_ERROR;
				CLANG_WARN_QUOTED_INCLUDE_IN_FRAMEWORK_HEADER = YES;
				CLANG_WARN_RANGE_LOOP_ANALYSIS = YES;
				CLANG_WARN_STRICT_PROTOTYPES = YES;
				CLANG_WARN_SUSPICIOUS_MOVE = YES;
				CLANG_WARN_UNGUARDED_AVAILABILITY = YES_AGGRESSIVE;
				CLANG_WARN_UNREACHABLE_CODE = YES;
				CLANG_WARN__DUPLICATE_METHOD_MATCH = YES;
				COPY_PHASE_STRIP = NO;
				DEBUG_INFORMATION_FORMAT = "dwarf-with-dsym";
				ENABLE_NS_ASSERTIONS = NO;
				ENABLE_STRICT_OBJC_MSGSEND = YES;
				ENABLE_USER_SCRIPT_SANDBOXING = YES;
				GCC_C_LANGUAGE_STANDARD = gnu17;
				GCC_NO_COMMON_BLOCKS = YES;
				GCC_WARN_64_TO_32_BIT_CONVERSION = YES;
				GCC_WARN_ABOUT_RETURN_TYPE = YES_ERROR;
				GCC_WARN_UNDECLARED_SELECTOR = YES;
				GCC_WARN_UNINITIALIZED_AUTOS = YES_AGGRESSIVE;
				GCC_WARN_UNUSED_FUNCTION = YES;
				GCC_WARN_UNUSED_VARIABLE = YES;
				IPHONEOS_DEPLOYMENT_TARGET = 17.5;
				LOCALIZATION_PREFERS_STRING_CATALOGS = YES;
				MTL_ENABLE_DEBUG_INFO = NO;
				MTL_FAST_MATH = YES;
				SDKROOT = iphoneos;
				SWIFT_COMPILATION_MODE = wholemodule;
				VALIDATE_PRODUCT = YES;
			};
			name = Release;
		};
		AEB91D262C877B830012591B /* Debug */ = {
			isa = XCBuildConfiguration;
			buildSettings = {
				ASSETCATALOG_COMPILER_APPICON_NAME = AppIcon;
				ASSETCATALOG_COMPILER_GLOBAL_ACCENT_COLOR_NAME = AccentColor;
				CODE_SIGN_STYLE = Automatic;
				CURRENT_PROJECT_VERSION = 1;
				DEVELOPMENT_ASSET_PATHS = "\"template/Preview Content\"";
				DEVELOPMENT_TEAM = 43GHW8N2DC;
				ENABLE_PREVIEWS = YES;
				GENERATE_INFOPLIST_FILE = YES;
				INFOPLIST_KEY_UIApplicationSceneManifest_Generation = YES;
				INFOPLIST_KEY_UIApplicationSupportsIndirectInputEvents = YES;
				INFOPLIST_KEY_UILaunchScreen_Generation = YES;
				INFOPLIST_KEY_UISupportedInterfaceOrientations_iPad = "UIInterfaceOrientationPortrait UIInterfaceOrientationPortraitUpsideDown UIInterfaceOrientationLandscapeLeft UIInterfaceOrientationLandscapeRight";
				INFOPLIST_KEY_UISupportedInterfaceOrientations_iPhone = "UIInterfaceOrientationPortrait UIInterfaceOrientationLandscapeLeft UIInterfaceOrientationLandscapeRight";
				LD_RUNPATH_SEARCH_PATHS = (
					"$(inherited)",
					"@executable_path/Frameworks",
				);
				MARKETING_VERSION = 1.0;
				PRODUCT_BUNDLE_IDENTIFIER = sacalabici.views.template;
				PRODUCT_NAME = "$(TARGET_NAME)";
				SWIFT_EMIT_LOC_STRINGS = YES;
				SWIFT_VERSION = 5.0;
				TARGETED_DEVICE_FAMILY = "1,2";
			};
			name = Debug;
		};
		AEB91D272C877B830012591B /* Release */ = {
			isa = XCBuildConfiguration;
			buildSettings = {
				ASSETCATALOG_COMPILER_APPICON_NAME = AppIcon;
				ASSETCATALOG_COMPILER_GLOBAL_ACCENT_COLOR_NAME = AccentColor;
				CODE_SIGN_STYLE = Automatic;
				CURRENT_PROJECT_VERSION = 1;
				DEVELOPMENT_ASSET_PATHS = "\"template/Preview Content\"";
				DEVELOPMENT_TEAM = 43GHW8N2DC;
				ENABLE_PREVIEWS = YES;
				GENERATE_INFOPLIST_FILE = YES;
				INFOPLIST_KEY_UIApplicationSceneManifest_Generation = YES;
				INFOPLIST_KEY_UIApplicationSupportsIndirectInputEvents = YES;
				INFOPLIST_KEY_UILaunchScreen_Generation = YES;
				INFOPLIST_KEY_UISupportedInterfaceOrientations_iPad = "UIInterfaceOrientationPortrait UIInterfaceOrientationPortraitUpsideDown UIInterfaceOrientationLandscapeLeft UIInterfaceOrientationLandscapeRight";
				INFOPLIST_KEY_UISupportedInterfaceOrientations_iPhone = "UIInterfaceOrientationPortrait UIInterfaceOrientationLandscapeLeft UIInterfaceOrientationLandscapeRight";
				LD_RUNPATH_SEARCH_PATHS = (
					"$(inherited)",
					"@executable_path/Frameworks",
				);
				MARKETING_VERSION = 1.0;
				PRODUCT_BUNDLE_IDENTIFIER = sacalabici.views.template;
				PRODUCT_NAME = "$(TARGET_NAME)";
				SWIFT_EMIT_LOC_STRINGS = YES;
				SWIFT_VERSION = 5.0;
				TARGETED_DEVICE_FAMILY = "1,2";
			};
			name = Release;
		};
		AEB91D292C877B830012591B /* Debug */ = {
			isa = XCBuildConfiguration;
			buildSettings = {
				ALWAYS_EMBED_SWIFT_STANDARD_LIBRARIES = YES;
				BUNDLE_LOADER = "$(TEST_HOST)";
				CODE_SIGN_STYLE = Automatic;
				CURRENT_PROJECT_VERSION = 1;
				DEVELOPMENT_TEAM = SBLRJW3H37;
				GENERATE_INFOPLIST_FILE = YES;
				IPHONEOS_DEPLOYMENT_TARGET = 17.5;
				MARKETING_VERSION = 1.0;
				PRODUCT_BUNDLE_IDENTIFIER = labs.templateTests;
				PRODUCT_NAME = "$(TARGET_NAME)";
				SWIFT_EMIT_LOC_STRINGS = NO;
				SWIFT_VERSION = 5.0;
				TARGETED_DEVICE_FAMILY = "1,2";
				TEST_HOST = "$(BUILT_PRODUCTS_DIR)/template.app/$(BUNDLE_EXECUTABLE_FOLDER_PATH)/template";
			};
			name = Debug;
		};
		AEB91D2A2C877B830012591B /* Release */ = {
			isa = XCBuildConfiguration;
			buildSettings = {
				ALWAYS_EMBED_SWIFT_STANDARD_LIBRARIES = YES;
				BUNDLE_LOADER = "$(TEST_HOST)";
				CODE_SIGN_STYLE = Automatic;
				CURRENT_PROJECT_VERSION = 1;
				DEVELOPMENT_TEAM = SBLRJW3H37;
				GENERATE_INFOPLIST_FILE = YES;
				IPHONEOS_DEPLOYMENT_TARGET = 17.5;
				MARKETING_VERSION = 1.0;
				PRODUCT_BUNDLE_IDENTIFIER = labs.templateTests;
				PRODUCT_NAME = "$(TARGET_NAME)";
				SWIFT_EMIT_LOC_STRINGS = NO;
				SWIFT_VERSION = 5.0;
				TARGETED_DEVICE_FAMILY = "1,2";
				TEST_HOST = "$(BUILT_PRODUCTS_DIR)/template.app/$(BUNDLE_EXECUTABLE_FOLDER_PATH)/template";
			};
			name = Release;
		};
		AEB91D2C2C877B830012591B /* Debug */ = {
			isa = XCBuildConfiguration;
			buildSettings = {
				ALWAYS_EMBED_SWIFT_STANDARD_LIBRARIES = YES;
				CODE_SIGN_STYLE = Automatic;
				CURRENT_PROJECT_VERSION = 1;
				DEVELOPMENT_TEAM = SBLRJW3H37;
				GENERATE_INFOPLIST_FILE = YES;
				MARKETING_VERSION = 1.0;
				PRODUCT_BUNDLE_IDENTIFIER = labs.templateUITests;
				PRODUCT_NAME = "$(TARGET_NAME)";
				SWIFT_EMIT_LOC_STRINGS = NO;
				SWIFT_VERSION = 5.0;
				TARGETED_DEVICE_FAMILY = "1,2";
				TEST_TARGET_NAME = template;
			};
			name = Debug;
		};
		AEB91D2D2C877B830012591B /* Release */ = {
			isa = XCBuildConfiguration;
			buildSettings = {
				ALWAYS_EMBED_SWIFT_STANDARD_LIBRARIES = YES;
				CODE_SIGN_STYLE = Automatic;
				CURRENT_PROJECT_VERSION = 1;
				DEVELOPMENT_TEAM = SBLRJW3H37;
				GENERATE_INFOPLIST_FILE = YES;
				MARKETING_VERSION = 1.0;
				PRODUCT_BUNDLE_IDENTIFIER = labs.templateUITests;
				PRODUCT_NAME = "$(TARGET_NAME)";
				SWIFT_EMIT_LOC_STRINGS = NO;
				SWIFT_VERSION = 5.0;
				TARGETED_DEVICE_FAMILY = "1,2";
				TEST_TARGET_NAME = template;
			};
			name = Release;
		};
/* End XCBuildConfiguration section */

/* Begin XCConfigurationList section */
		AEB91CFA2C877B810012591B /* Build configuration list for PBXProject "template" */ = {
			isa = XCConfigurationList;
			buildConfigurations = (
				AEB91D232C877B830012591B /* Debug */,
				AEB91D242C877B830012591B /* Release */,
			);
			defaultConfigurationIsVisible = 0;
			defaultConfigurationName = Release;
		};
		AEB91D252C877B830012591B /* Build configuration list for PBXNativeTarget "template" */ = {
			isa = XCConfigurationList;
			buildConfigurations = (
				AEB91D262C877B830012591B /* Debug */,
				AEB91D272C877B830012591B /* Release */,
			);
			defaultConfigurationIsVisible = 0;
			defaultConfigurationName = Release;
		};
		AEB91D282C877B830012591B /* Build configuration list for PBXNativeTarget "templateTests" */ = {
			isa = XCConfigurationList;
			buildConfigurations = (
				AEB91D292C877B830012591B /* Debug */,
				AEB91D2A2C877B830012591B /* Release */,
			);
			defaultConfigurationIsVisible = 0;
			defaultConfigurationName = Release;
		};
		AEB91D2B2C877B830012591B /* Build configuration list for PBXNativeTarget "templateUITests" */ = {
			isa = XCConfigurationList;
			buildConfigurations = (
				AEB91D2C2C877B830012591B /* Debug */,
				AEB91D2D2C877B830012591B /* Release */,
			);
			defaultConfigurationIsVisible = 0;
			defaultConfigurationName = Release;
		};
/* End XCConfigurationList section */
	};
	rootObject = AEB91CF72C877B810012591B /* Project object */;
}
